
Microsoft Visual Studio Solution File, Format Version 12.00
# Visual Studio Version 17
VisualStudioVersion = 17.5.002.0
MinimumVisualStudioVersion = 10.0.40219.1
Project("{2150E333-8FDC-42A3-9474-1A3956D46DE8}") = "sandbox", "sandbox", "{EDE7D94A-E2E0-4127-B4E6-81804756492D}"
EndProject
Project("{9A19103F-16F7-4668-BE54-9A1E7A4F7556}") = "sandbox_project", "sandbox\sandbox_project\sandbox_project.csproj", "{C5743040-E6C7-4247-B024-B90743C4B4D3}"
EndProject
Project("{2150E333-8FDC-42A3-9474-1A3956D46DE8}") = "week01", "week01", "{076689E0-CF88-4AB7-A932-DDB9BBCD3D8D}"
EndProject
Project("{9A19103F-16F7-4668-BE54-9A1E7A4F7556}") = "analyze", "week01\analyze\analyze.csproj", "{8DE44930-3BE8-4430-93DA-35B41561ADA7}"
EndProject
Project("{9A19103F-16F7-4668-BE54-9A1E7A4F7556}") = "code", "week01\code\code.csproj", "{A3BD3653-88E0-43B2-900E-BECF8F14ACB4}"
EndProject
Project("{9A19103F-16F7-4668-BE54-9A1E7A4F7556}") = "teach", "week01\teach\teach.csproj", "{C109F336-33CF-4E39-B5A6-E0A087DD24A7}"
EndProject
Project("{2150E333-8FDC-42A3-9474-1A3956D46DE8}") = "week02", "week02", "{57E914AB-F717-4F7E-8F25-688CF9C87826}"
EndProject
Project("{9A19103F-16F7-4668-BE54-9A1E7A4F7556}") = "analyze", "week02\analyze\analyze.csproj", "{EC178737-FFC7-4882-B964-6A1DD138ECF7}"
EndProject
Project("{9A19103F-16F7-4668-BE54-9A1E7A4F7556}") = "code", "week02\code\code.csproj", "{96686770-FF54-48B4-BFC2-866ABB031DAA}"
EndProject
Project("{9A19103F-16F7-4668-BE54-9A1E7A4F7556}") = "learn", "week02\learn\learn.csproj", "{547FD522-F9D6-4794-9017-29FB2BFEE475}"
EndProject
Project("{9A19103F-16F7-4668-BE54-9A1E7A4F7556}") = "teach", "week02\teach\teach.csproj", "{6F84F20B-1E01-4DD4-A499-D89A968A8CC4}"
EndProject
Project("{2150E333-8FDC-42A3-9474-1A3956D46DE8}") = "week03", "week03", "{55C60560-DB8A-4FFB-9E51-242173BFE37D}"
EndProject
Project("{9A19103F-16F7-4668-BE54-9A1E7A4F7556}") = "code", "week03\code\code.csproj", "{04F2AAA2-1FD0-4859-A0A0-94560225BED2}"
EndProject
Project("{9A19103F-16F7-4668-BE54-9A1E7A4F7556}") = "learn", "week03\learn\learn.csproj", "{7933CDF8-1BE6-4B92-BB98-99DBC5F335C2}"
EndProject
Project("{9A19103F-16F7-4668-BE54-9A1E7A4F7556}") = "teach", "week03\teach\teach.csproj", "{7577ED97-1B84-481C-B7E0-E536ECE2A08F}"
EndProject
Project("{2150E333-8FDC-42A3-9474-1A3956D46DE8}") = "week04", "week04", "{6742FED9-9DA5-421E-9DDB-6713D6AD119E}"
EndProject
Project("{9A19103F-16F7-4668-BE54-9A1E7A4F7556}") = "code", "week04\code\code.csproj", "{7E615281-043C-4952-99CC-6202D58D6FBE}"
EndProject
Project("{2150E333-8FDC-42A3-9474-1A3956D46DE8}") = "week05", "week05", "{A0F077A4-4D9B-4F18-9B3C-43CF09012AF2}"
EndProject
Project("{9A19103F-16F7-4668-BE54-9A1E7A4F7556}") = "code", "week05\code\code.csproj", "{F495DE3A-1808-4236-A74D-B80A9930F6CA}"
EndProject
Project("{2150E333-8FDC-42A3-9474-1A3956D46DE8}") = "week06", "week06", "{0D5E95C6-00D2-49F4-8ECB-14E7513813B0}"
EndProject
Project("{9A19103F-16F7-4668-BE54-9A1E7A4F7556}") = "code", "week06\code\code.csproj", "{1D6AFB2A-09A6-4820-8CE2-2577A1162981}"
EndProject
Global
	GlobalSection(SolutionConfigurationPlatforms) = preSolution
		Debug|Any CPU = Debug|Any CPU
		Release|Any CPU = Release|Any CPU
	EndGlobalSection
	GlobalSection(ProjectConfigurationPlatforms) = postSolution
		{C5743040-E6C7-4247-B024-B90743C4B4D3}.Debug|Any CPU.ActiveCfg = Debug|Any CPU
		{C5743040-E6C7-4247-B024-B90743C4B4D3}.Debug|Any CPU.Build.0 = Debug|Any CPU
		{C5743040-E6C7-4247-B024-B90743C4B4D3}.Release|Any CPU.ActiveCfg = Release|Any CPU
		{C5743040-E6C7-4247-B024-B90743C4B4D3}.Release|Any CPU.Build.0 = Release|Any CPU
		{8DE44930-3BE8-4430-93DA-35B41561ADA7}.Debug|Any CPU.ActiveCfg = Debug|Any CPU
		{8DE44930-3BE8-4430-93DA-35B41561ADA7}.Debug|Any CPU.Build.0 = Debug|Any CPU
		{8DE44930-3BE8-4430-93DA-35B41561ADA7}.Release|Any CPU.ActiveCfg = Release|Any CPU
		{8DE44930-3BE8-4430-93DA-35B41561ADA7}.Release|Any CPU.Build.0 = Release|Any CPU
		{A3BD3653-88E0-43B2-900E-BECF8F14ACB4}.Debug|Any CPU.ActiveCfg = Debug|Any CPU
		{A3BD3653-88E0-43B2-900E-BECF8F14ACB4}.Debug|Any CPU.Build.0 = Debug|Any CPU
		{A3BD3653-88E0-43B2-900E-BECF8F14ACB4}.Release|Any CPU.ActiveCfg = Release|Any CPU
		{A3BD3653-88E0-43B2-900E-BECF8F14ACB4}.Release|Any CPU.Build.0 = Release|Any CPU
		{C109F336-33CF-4E39-B5A6-E0A087DD24A7}.Debug|Any CPU.ActiveCfg = Debug|Any CPU
		{C109F336-33CF-4E39-B5A6-E0A087DD24A7}.Debug|Any CPU.Build.0 = Debug|Any CPU
		{C109F336-33CF-4E39-B5A6-E0A087DD24A7}.Release|Any CPU.ActiveCfg = Release|Any CPU
		{C109F336-33CF-4E39-B5A6-E0A087DD24A7}.Release|Any CPU.Build.0 = Release|Any CPU
		{EC178737-FFC7-4882-B964-6A1DD138ECF7}.Debug|Any CPU.ActiveCfg = Debug|Any CPU
		{EC178737-FFC7-4882-B964-6A1DD138ECF7}.Debug|Any CPU.Build.0 = Debug|Any CPU
		{EC178737-FFC7-4882-B964-6A1DD138ECF7}.Release|Any CPU.ActiveCfg = Release|Any CPU
		{EC178737-FFC7-4882-B964-6A1DD138ECF7}.Release|Any CPU.Build.0 = Release|Any CPU
		{96686770-FF54-48B4-BFC2-866ABB031DAA}.Debug|Any CPU.ActiveCfg = Debug|Any CPU
		{96686770-FF54-48B4-BFC2-866ABB031DAA}.Debug|Any CPU.Build.0 = Debug|Any CPU
		{96686770-FF54-48B4-BFC2-866ABB031DAA}.Release|Any CPU.ActiveCfg = Release|Any CPU
		{96686770-FF54-48B4-BFC2-866ABB031DAA}.Release|Any CPU.Build.0 = Release|Any CPU
		{547FD522-F9D6-4794-9017-29FB2BFEE475}.Debug|Any CPU.ActiveCfg = Debug|Any CPU
		{547FD522-F9D6-4794-9017-29FB2BFEE475}.Debug|Any CPU.Build.0 = Debug|Any CPU
		{547FD522-F9D6-4794-9017-29FB2BFEE475}.Release|Any CPU.ActiveCfg = Release|Any CPU
		{547FD522-F9D6-4794-9017-29FB2BFEE475}.Release|Any CPU.Build.0 = Release|Any CPU
		{6F84F20B-1E01-4DD4-A499-D89A968A8CC4}.Debug|Any CPU.ActiveCfg = Debug|Any CPU
		{6F84F20B-1E01-4DD4-A499-D89A968A8CC4}.Debug|Any CPU.Build.0 = Debug|Any CPU
		{6F84F20B-1E01-4DD4-A499-D89A968A8CC4}.Release|Any CPU.ActiveCfg = Release|Any CPU
		{6F84F20B-1E01-4DD4-A499-D89A968A8CC4}.Release|Any CPU.Build.0 = Release|Any CPU
		{04F2AAA2-1FD0-4859-A0A0-94560225BED2}.Debug|Any CPU.ActiveCfg = Debug|Any CPU
		{04F2AAA2-1FD0-4859-A0A0-94560225BED2}.Debug|Any CPU.Build.0 = Debug|Any CPU
		{04F2AAA2-1FD0-4859-A0A0-94560225BED2}.Release|Any CPU.ActiveCfg = Release|Any CPU
		{04F2AAA2-1FD0-4859-A0A0-94560225BED2}.Release|Any CPU.Build.0 = Release|Any CPU
		{7933CDF8-1BE6-4B92-BB98-99DBC5F335C2}.Debug|Any CPU.ActiveCfg = Debug|Any CPU
		{7933CDF8-1BE6-4B92-BB98-99DBC5F335C2}.Debug|Any CPU.Build.0 = Debug|Any CPU
		{7933CDF8-1BE6-4B92-BB98-99DBC5F335C2}.Release|Any CPU.ActiveCfg = Release|Any CPU
		{7933CDF8-1BE6-4B92-BB98-99DBC5F335C2}.Release|Any CPU.Build.0 = Release|Any CPU
		{7577ED97-1B84-481C-B7E0-E536ECE2A08F}.Debug|Any CPU.ActiveCfg = Debug|Any CPU
		{7577ED97-1B84-481C-B7E0-E536ECE2A08F}.Debug|Any CPU.Build.0 = Debug|Any CPU
		{7577ED97-1B84-481C-B7E0-E536ECE2A08F}.Release|Any CPU.ActiveCfg = Release|Any CPU
		{7577ED97-1B84-481C-B7E0-E536ECE2A08F}.Release|Any CPU.Build.0 = Release|Any CPU
		{7E615281-043C-4952-99CC-6202D58D6FBE}.Debug|Any CPU.ActiveCfg = Debug|Any CPU
		{7E615281-043C-4952-99CC-6202D58D6FBE}.Debug|Any CPU.Build.0 = Debug|Any CPU
		{7E615281-043C-4952-99CC-6202D58D6FBE}.Release|Any CPU.ActiveCfg = Release|Any CPU
		{7E615281-043C-4952-99CC-6202D58D6FBE}.Release|Any CPU.Build.0 = Release|Any CPU
		{F495DE3A-1808-4236-A74D-B80A9930F6CA}.Debug|Any CPU.ActiveCfg = Debug|Any CPU
		{F495DE3A-1808-4236-A74D-B80A9930F6CA}.Debug|Any CPU.Build.0 = Debug|Any CPU
		{F495DE3A-1808-4236-A74D-B80A9930F6CA}.Release|Any CPU.ActiveCfg = Release|Any CPU
		{F495DE3A-1808-4236-A74D-B80A9930F6CA}.Release|Any CPU.Build.0 = Release|Any CPU
		{1D6AFB2A-09A6-4820-8CE2-2577A1162981}.Debug|Any CPU.ActiveCfg = Debug|Any CPU
		{1D6AFB2A-09A6-4820-8CE2-2577A1162981}.Debug|Any CPU.Build.0 = Debug|Any CPU
		{1D6AFB2A-09A6-4820-8CE2-2577A1162981}.Release|Any CPU.ActiveCfg = Release|Any CPU
		{1D6AFB2A-09A6-4820-8CE2-2577A1162981}.Release|Any CPU.Build.0 = Release|Any CPU
	EndGlobalSection
	GlobalSection(SolutionProperties) = preSolution
		HideSolutionNode = FALSE
	EndGlobalSection
	GlobalSection(NestedProjects) = preSolution
		{C5743040-E6C7-4247-B024-B90743C4B4D3} = {EDE7D94A-E2E0-4127-B4E6-81804756492D}
		{8DE44930-3BE8-4430-93DA-35B41561ADA7} = {076689E0-CF88-4AB7-A932-DDB9BBCD3D8D}
		{A3BD3653-88E0-43B2-900E-BECF8F14ACB4} = {076689E0-CF88-4AB7-A932-DDB9BBCD3D8D}
		{C109F336-33CF-4E39-B5A6-E0A087DD24A7} = {076689E0-CF88-4AB7-A932-DDB9BBCD3D8D}
		{EC178737-FFC7-4882-B964-6A1DD138ECF7} = {57E914AB-F717-4F7E-8F25-688CF9C87826}
		{96686770-FF54-48B4-BFC2-866ABB031DAA} = {57E914AB-F717-4F7E-8F25-688CF9C87826}
		{547FD522-F9D6-4794-9017-29FB2BFEE475} = {57E914AB-F717-4F7E-8F25-688CF9C87826}
		{6F84F20B-1E01-4DD4-A499-D89A968A8CC4} = {57E914AB-F717-4F7E-8F25-688CF9C87826}
		{04F2AAA2-1FD0-4859-A0A0-94560225BED2} = {55C60560-DB8A-4FFB-9E51-242173BFE37D}
		{7933CDF8-1BE6-4B92-BB98-99DBC5F335C2} = {55C60560-DB8A-4FFB-9E51-242173BFE37D}
		{7577ED97-1B84-481C-B7E0-E536ECE2A08F} = {55C60560-DB8A-4FFB-9E51-242173BFE37D}
		{7E615281-043C-4952-99CC-6202D58D6FBE} = {6742FED9-9DA5-421E-9DDB-6713D6AD119E}
		{F495DE3A-1808-4236-A74D-B80A9930F6CA} = {A0F077A4-4D9B-4F18-9B3C-43CF09012AF2}
		{1D6AFB2A-09A6-4820-8CE2-2577A1162981} = {0D5E95C6-00D2-49F4-8ECB-14E7513813B0}
	EndGlobalSection
	GlobalSection(ExtensibilityGlobals) = postSolution
		SolutionGuid = {72C1674B-6851-4D86-BECC-090F42F94177}
	EndGlobalSection
EndGlobal
